# This file was autogenerated by Stack.
# You should not edit this file by hand.
# For more information, please see the documentation at:
#   https://docs.haskellstack.org/en/stable/lock_files

packages:
- completed:
    hackage: hint-0.9.0.3@sha256:512f68afa42c9d20fda45b9dc90c81cd846524b788e0714448f83c2fa1eabd31,3054
    pantry-tree:
      size: 1716
      sha256: a6d71067cfe490c4fc24b73066646cd3a7550b3c62d978445062861d240b0f6a
  original:
    hackage: hint-0.9.0.3@sha256:512f68afa42c9d20fda45b9dc90c81cd846524b788e0714448f83c2fa1eabd31,3054
snapshots:
- completed:
    size: 565266
    url: https://raw.githubusercontent.com/commercialhaskell/stackage-snapshots/master/lts/17/5.yaml
    sha256: 78e8ebabf11406261abbc95b44f240acf71802630b368888f6d758de7fc3a2f7
  original: lts-17.5
